github.com/beevik/etree v1.1.0 h1:T0xke/WvNtMoCqgzPhkX2r4rjY3GDZFi+FjpRZY2Jbs=
github.com/beevik/etree v1.1.0/go.mod h1:r8Aw8JqVegEf0w2fDnATrX9VpkMcyFeM0FhwO62wh+A=
github.com/dave/jennifer v1.5.1 h1:AI8gaM02nCYRw6/WTH0W+S6UNck9YqPZ05xoIxQtuoE=
github.com/dave/jennifer v1.5.1/go.mod h1:AxTG893FiZKqxy3FP1kL80VMshSMuz2G+EgvszgGRnk=
github.com/elliotchance/c2go v0.26.10 h1:xcmbNZeSELkSi69JcZHFX8ccgCEFZHIZGOBeYlslVRo=
github.com/elliotchance/c2go v0.26.10/go.mod h1:+YFuwnXljn61f5sFHSZ66eH9KTjzzSU6QG1sZdg1l7s=
golang.org/x/tools v0.0.0-20181109182537-4e34152f1676/go.mod h1:n7NCudcB/nEzxVGmLbDWY5pfWTLqBcC2KZ6jyYvM4mQ=
golang.org/x/tools v0.3.0 h1:SrNbZl6ECOS1qFzgTdQfWXZM9XBkiA6tkFrH9YSTPHM=
golang.org/x/tools v0.3.0/go.mod h1:/rWhSS2+zyEVwoJf8YAX6L2f0ntZ7Kn/mGgAWcipA5k=
